
Microsoft Visual Studio Solution File, Format Version 12.00
# Visual Studio 15
VisualStudioVersion = 15.0.26730.8
MinimumVisualStudioVersion = 10.0.40219.1
Project("{9A19103F-16F7-4668-BE54-9A1E7A4F7556}") = "mongoIdentityDemo", "mongoIdentityDemo\mongoIdentityDemo.csproj", "{A22401F0-9ADC-4207-8285-46DE79D1610C}"
EndProject
Project("{FAE04EC0-301F-11D3-BF4B-00C04F79EFBC}") = "Identity4.Mongo.Core", "Identity4.Mongo.Core\Identity4.Mongo.Core.csproj", "{CFFBBD14-2B07-4F1A-997D-ADCCEF2FDFFF}"
EndProject
Global
	GlobalSection(SolutionConfigurationPlatforms) = preSolution
		Debug|Any CPU = Debug|Any CPU
		Release|Any CPU = Release|Any CPU
	EndGlobalSection
	GlobalSection(ProjectConfigurationPlatforms) = postSolution
		{A22401F0-9ADC-4207-8285-46DE79D1610C}.Debug|Any CPU.ActiveCfg = Debug|Any CPU
		{A22401F0-9ADC-4207-8285-46DE79D1610C}.Debug|Any CPU.Build.0 = Debug|Any CPU
		{A22401F0-9ADC-4207-8285-46DE79D1610C}.Release|Any CPU.ActiveCfg = Release|Any CPU
		{A22401F0-9ADC-4207-8285-46DE79D1610C}.Release|Any CPU.Build.0 = Release|Any CPU
		{CFFBBD14-2B07-4F1A-997D-ADCCEF2FDFFF}.Debug|Any CPU.ActiveCfg = Debug|Any CPU
		{CFFBBD14-2B07-4F1A-997D-ADCCEF2FDFFF}.Debug|Any CPU.Build.0 = Debug|Any CPU
		{CFFBBD14-2B07-4F1A-997D-ADCCEF2FDFFF}.Release|Any CPU.ActiveCfg = Release|Any CPU
		{CFFBBD14-2B07-4F1A-997D-ADCCEF2FDFFF}.Release|Any CPU.Build.0 = Release|Any CPU
	EndGlobalSection
	GlobalSection(SolutionProperties) = preSolution
		HideSolutionNode = FALSE
	EndGlobalSection
	GlobalSection(ExtensibilityGlobals) = postSolution
		SolutionGuid = {FC8EA8C2-8C08-436F-A6B9-901FB908ED51}
	EndGlobalSection
EndGlobal
